# THIS IS AN AUTOGENERATED FILE. DO NOT EDIT THIS FILE DIRECTLY.
# yarn lockfile v1


"@babel/parser@^7.20.15", "@babel/parser@^7.21.3":
  version "7.22.5"
  resolved "https://registry.npmjs.org/@babel/parser/-/parser-7.22.5.tgz"

"@esbuild/android-arm64@0.17.19":
  version "0.17.19"
  resolved "https://registry.yarnpkg.com/@esbuild/android-arm64/-/android-arm64-0.17.19.tgz#bafb75234a5d3d1b690e7c2956a599345e84a2fd"

"@esbuild/android-arm@0.17.19":
  version "0.17.19"
  resolved "https://registry.yarnpkg.com/@esbuild/android-arm/-/android-arm-0.17.19.tgz#5898f7832c2298bc7d0ab53701c57beb74d78b4d"

"@esbuild/android-x64@0.17.19":
  version "0.17.19"
  resolved "https://registry.yarnpkg.com/@esbuild/android-x64/-/android-x64-0.17.19.tgz#658368ef92067866d95fb268719f98f363d13ae1"

"@esbuild/darwin-arm64@0.17.19":
  version "0.17.19"
  resolved "https://registry.yarnpkg.com/@esbuild/darwin-arm64/-/darwin-arm64-0.17.19.tgz#584c34c5991b95d4d48d333300b1a4e2ff7be276"

"@esbuild/darwin-x64@0.17.19":
  version "0.17.19"
  resolved "https://registry.yarnpkg.com/@esbuild/darwin-x64/-/darwin-x64-0.17.19.tgz#7751d236dfe6ce136cce343dce69f52d76b7f6cb"

"@esbuild/freebsd-arm64@0.17.19":
  version "0.17.19"
  resolved "https://registry.yarnpkg.com/@esbuild/freebsd-arm64/-/freebsd-arm64-0.17.19.tgz#cacd171665dd1d500f45c167d50c6b7e539d5fd2"

"@esbuild/freebsd-x64@0.17.19":
  version "0.17.19"
  resolved "https://registry.yarnpkg.com/@esbuild/freebsd-x64/-/freebsd-x64-0.17.19.tgz#0769456eee2a08b8d925d7c00b79e861cb3162e4"

"@esbuild/linux-arm64@0.17.19":
  version "0.17.19"
  resolved "https://registry.yarnpkg.com/@esbuild/linux-arm64/-/linux-arm64-0.17.19.tgz#38e162ecb723862c6be1c27d6389f48960b68edb"

"@esbuild/linux-arm@0.17.19":
  version "0.17.19"
  resolved "https://registry.yarnpkg.com/@esbuild/linux-arm/-/linux-arm-0.17.19.tgz#1a2cd399c50040184a805174a6d89097d9d1559a"

"@esbuild/linux-ia32@0.17.19":
  version "0.17.19"
  resolved "https://registry.yarnpkg.com/@esbuild/linux-ia32/-/linux-ia32-0.17.19.tgz#e28c25266b036ce1cabca3c30155222841dc035a"

"@esbuild/linux-loong64@0.17.19":
  version "0.17.19"
  resolved "https://registry.yarnpkg.com/@esbuild/linux-loong64/-/linux-loong64-0.17.19.tgz#0f887b8bb3f90658d1a0117283e55dbd4c9dcf72"

"@esbuild/linux-mips64el@0.17.19":
  version "0.17.19"
  resolved "https://registry.yarnpkg.com/@esbuild/linux-mips64el/-/linux-mips64el-0.17.19.tgz#f5d2a0b8047ea9a5d9f592a178ea054053a70289"

"@esbuild/linux-ppc64@0.17.19":
  version "0.17.19"
  resolved "https://registry.yarnpkg.com/@esbuild/linux-ppc64/-/linux-ppc64-0.17.19.tgz#876590e3acbd9fa7f57a2c7d86f83717dbbac8c7"

"@esbuild/linux-riscv64@0.17.19":
  version "0.17.19"
  resolved "https://registry.yarnpkg.com/@esbuild/linux-riscv64/-/linux-riscv64-0.17.19.tgz#7f49373df463cd9f41dc34f9b2262d771688bf09"

"@esbuild/linux-s390x@0.17.19":
  version "0.17.19"
  resolved "https://registry.yarnpkg.com/@esbuild/linux-s390x/-/linux-s390x-0.17.19.tgz#e2afd1afcaf63afe2c7d9ceacd28ec57c77f8829"

"@esbuild/linux-x64@0.17.19":
  version "0.17.19"
  resolved "https://registry.yarnpkg.com/@esbuild/linux-x64/-/linux-x64-0.17.19.tgz#8a0e9738b1635f0c53389e515ae83826dec22aa4"

"@esbuild/netbsd-x64@0.17.19":
  version "0.17.19"
  resolved "https://registry.yarnpkg.com/@esbuild/netbsd-x64/-/netbsd-x64-0.17.19.tgz#c29fb2453c6b7ddef9a35e2c18b37bda1ae5c462"

"@esbuild/openbsd-x64@0.17.19":
  version "0.17.19"
  resolved "https://registry.yarnpkg.com/@esbuild/openbsd-x64/-/openbsd-x64-0.17.19.tgz#95e75a391403cb10297280d524d66ce04c920691"

"@esbuild/sunos-x64@0.17.19":
  version "0.17.19"
  resolved "https://registry.yarnpkg.com/@esbuild/sunos-x64/-/sunos-x64-0.17.19.tgz#722eaf057b83c2575937d3ffe5aeb16540da7273"

"@esbuild/win32-arm64@0.17.19":
  version "0.17.19"
  resolved "https://registry.yarnpkg.com/@esbuild/win32-arm64/-/win32-arm64-0.17.19.tgz#9aa9dc074399288bdcdd283443e9aeb6b9552b6f"

"@esbuild/win32-ia32@0.17.19":
  version "0.17.19"
  resolved "https://registry.yarnpkg.com/@esbuild/win32-ia32/-/win32-ia32-0.17.19.tgz#95ad43c62ad62485e210f6299c7b2571e48d2b03"

"@esbuild/win32-x64@0.17.19":
  version "0.17.19"
  resolved "https://registry.npmjs.org/@esbuild/win32-x64/-/win32-x64-0.17.19.tgz"

"@jridgewell/sourcemap-codec@^1.4.13":
  version "1.4.14"
  resolved "https://registry.npmjs.org/@jridgewell/sourcemap-codec/-/sourcemap-codec-1.4.14.tgz"

"@mdit-vue/plugin-component@^0.12.0":
  version "0.12.0"
  resolved "https://registry.npmjs.org/@mdit-vue/plugin-component/-/plugin-component-0.12.0.tgz"
  dependencies:
    "@types/markdown-it" "^12.2.3"
    markdown-it "^13.0.1"

"@mdit-vue/plugin-frontmatter@^0.12.0":
  version "0.12.0"
  resolved "https://registry.npmjs.org/@mdit-vue/plugin-frontmatter/-/plugin-frontmatter-0.12.0.tgz"
  dependencies:
    "@mdit-vue/types" "0.12.0"
    "@types/markdown-it" "^12.2.3"
    gray-matter "^4.0.3"
    markdown-it "^13.0.1"

"@mdit-vue/plugin-headers@^0.12.0":
  version "0.12.0"
  resolved "https://registry.npmjs.org/@mdit-vue/plugin-headers/-/plugin-headers-0.12.0.tgz"
  dependencies:
    "@mdit-vue/shared" "0.12.0"
    "@mdit-vue/types" "0.12.0"
    "@types/markdown-it" "^12.2.3"
    markdown-it "^13.0.1"

"@mdit-vue/plugin-sfc@^0.12.0":
  version "0.12.0"
  resolved "https://registry.npmjs.org/@mdit-vue/plugin-sfc/-/plugin-sfc-0.12.0.tgz"
  dependencies:
    "@mdit-vue/types" "0.12.0"
    "@types/markdown-it" "^12.2.3"
    markdown-it "^13.0.1"

"@mdit-vue/plugin-title@^0.12.0":
  version "0.12.0"
  resolved "https://registry.npmjs.org/@mdit-vue/plugin-title/-/plugin-title-0.12.0.tgz"
  dependencies:
    "@mdit-vue/shared" "0.12.0"
    "@mdit-vue/types" "0.12.0"
    "@types/markdown-it" "^12.2.3"
    markdown-it "^13.0.1"

"@mdit-vue/plugin-toc@^0.12.0":
  version "0.12.0"
  resolved "https://registry.npmjs.org/@mdit-vue/plugin-toc/-/plugin-toc-0.12.0.tgz"
  dependencies:
    "@mdit-vue/shared" "0.12.0"
    "@mdit-vue/types" "0.12.0"
    "@types/markdown-it" "^12.2.3"
    markdown-it "^13.0.1"

"@mdit-vue/shared@0.12.0", "@mdit-vue/shared@^0.12.0":
  version "0.12.0"
  resolved "https://registry.npmjs.org/@mdit-vue/shared/-/shared-0.12.0.tgz"
  dependencies:
    "@mdit-vue/types" "0.12.0"
    "@types/markdown-it" "^12.2.3"
    markdown-it "^13.0.1"

"@mdit-vue/types@0.12.0", "@mdit-vue/types@^0.12.0":
  version "0.12.0"
  resolved "https://registry.npmjs.org/@mdit-vue/types/-/types-0.12.0.tgz"

"@nodelib/fs.scandir@2.1.5":
  version "2.1.5"
  resolved "https://registry.npmjs.org/@nodelib/fs.scandir/-/fs.scandir-2.1.5.tgz"
  dependencies:
    "@nodelib/fs.stat" "2.0.5"
    run-parallel "^1.1.9"

"@nodelib/fs.stat@2.0.5", "@nodelib/fs.stat@^2.0.2":
  version "2.0.5"
  resolved "https://registry.npmjs.org/@nodelib/fs.stat/-/fs.stat-2.0.5.tgz"

"@nodelib/fs.walk@^1.2.3":
  version "1.2.8"
  resolved "https://registry.npmjs.org/@nodelib/fs.walk/-/fs.walk-1.2.8.tgz"
  dependencies:
    "@nodelib/fs.scandir" "2.1.5"
    fastq "^1.6.0"

"@types/debug@^4.1.8":
  version "4.1.8"
  resolved "https://registry.npmjs.org/@types/debug/-/debug-4.1.8.tgz"
  dependencies:
    "@types/ms" "*"

"@types/fs-extra@^11.0.1":
  version "11.0.1"
  resolved "https://registry.npmjs.org/@types/fs-extra/-/fs-extra-11.0.1.tgz"
  dependencies:
    "@types/jsonfile" "*"
    "@types/node" "*"

"@types/hash-sum@^1.0.0":
  version "1.0.0"
  resolved "https://registry.npmjs.org/@types/hash-sum/-/hash-sum-1.0.0.tgz"

"@types/jsonfile@*":
  version "6.1.1"
  resolved "https://registry.npmjs.org/@types/jsonfile/-/jsonfile-6.1.1.tgz"
  dependencies:
    "@types/node" "*"

"@types/linkify-it@*":
  version "3.0.2"
  resolved "https://registry.npmjs.org/@types/linkify-it/-/linkify-it-3.0.2.tgz"

"@types/markdown-it-emoji@^2.0.2":
  version "2.0.2"
  resolved "https://registry.npmjs.org/@types/markdown-it-emoji/-/markdown-it-emoji-2.0.2.tgz"
  dependencies:
    "@types/markdown-it" "*"

"@types/markdown-it@*", "@types/markdown-it@^12.2.3":
  version "12.2.3"
  resolved "https://registry.npmjs.org/@types/markdown-it/-/markdown-it-12.2.3.tgz"
  dependencies:
    "@types/linkify-it" "*"
    "@types/mdurl" "*"

"@types/mdurl@*":
  version "1.0.2"
  resolved "https://registry.npmjs.org/@types/mdurl/-/mdurl-1.0.2.tgz"

"@types/ms@*":
  version "0.7.31"
  resolved "https://registry.npmjs.org/@types/ms/-/ms-0.7.31.tgz"

"@types/node@*":
  version "17.0.30"
  resolved "https://registry.npmjs.org/@types/node/-/node-17.0.30.tgz"

"@types/web-bluetooth@^0.0.17":
  version "0.0.17"
  resolved "https://registry.npmjs.org/@types/web-bluetooth/-/web-bluetooth-0.0.17.tgz"

"@vitejs/plugin-vue@^4.2.3":
  version "4.2.3"
  resolved "https://registry.npmjs.org/@vitejs/plugin-vue/-/plugin-vue-4.2.3.tgz"

"@vue/compiler-core@3.3.4":
  version "3.3.4"
  resolved "https://registry.npmjs.org/@vue/compiler-core/-/compiler-core-3.3.4.tgz"
  dependencies:
    "@babel/parser" "^7.21.3"
    "@vue/shared" "3.3.4"
    estree-walker "^2.0.2"
    source-map-js "^1.0.2"

"@vue/compiler-dom@3.3.4":
  version "3.3.4"
  resolved "https://registry.npmjs.org/@vue/compiler-dom/-/compiler-dom-3.3.4.tgz"
  dependencies:
    "@vue/compiler-core" "3.3.4"
    "@vue/shared" "3.3.4"

"@vue/compiler-sfc@3.3.4":
  version "3.3.4"
  resolved "https://registry.npmjs.org/@vue/compiler-sfc/-/compiler-sfc-3.3.4.tgz"
  dependencies:
    "@babel/parser" "^7.20.15"
    "@vue/compiler-core" "3.3.4"
    "@vue/compiler-dom" "3.3.4"
    "@vue/compiler-ssr" "3.3.4"
    "@vue/reactivity-transform" "3.3.4"
    "@vue/shared" "3.3.4"
    estree-walker "^2.0.2"
    magic-string "^0.30.0"
    postcss "^8.1.10"
    source-map-js "^1.0.2"

"@vue/compiler-ssr@3.3.4":
  version "3.3.4"
  resolved "https://registry.npmjs.org/@vue/compiler-ssr/-/compiler-ssr-3.3.4.tgz"
  dependencies:
    "@vue/compiler-dom" "3.3.4"
    "@vue/shared" "3.3.4"

"@vue/devtools-api@^6.5.0":
  version "6.5.0"
  resolved "https://registry.npmjs.org/@vue/devtools-api/-/devtools-api-6.5.0.tgz"

"@vue/reactivity-transform@3.3.4":
  version "3.3.4"
  resolved "https://registry.npmjs.org/@vue/reactivity-transform/-/reactivity-transform-3.3.4.tgz"
  dependencies:
    "@babel/parser" "^7.20.15"
    "@vue/compiler-core" "3.3.4"
    "@vue/shared" "3.3.4"
    estree-walker "^2.0.2"
    magic-string "^0.30.0"

"@vue/reactivity@3.3.4":
  version "3.3.4"
  resolved "https://registry.npmjs.org/@vue/reactivity/-/reactivity-3.3.4.tgz"
  dependencies:
    "@vue/shared" "3.3.4"

"@vue/runtime-core@3.3.4":
  version "3.3.4"
  resolved "https://registry.npmjs.org/@vue/runtime-core/-/runtime-core-3.3.4.tgz"
  dependencies:
    "@vue/reactivity" "3.3.4"
    "@vue/shared" "3.3.4"

"@vue/runtime-dom@3.3.4":
  version "3.3.4"
  resolved "https://registry.npmjs.org/@vue/runtime-dom/-/runtime-dom-3.3.4.tgz"
  dependencies:
    "@vue/runtime-core" "3.3.4"
    "@vue/shared" "3.3.4"
    csstype "^3.1.1"

"@vue/server-renderer@3.3.4":
  version "3.3.4"
  resolved "https://registry.npmjs.org/@vue/server-renderer/-/server-renderer-3.3.4.tgz"
  dependencies:
    "@vue/compiler-ssr" "3.3.4"
    "@vue/shared" "3.3.4"

"@vue/shared@3.3.4", "@vue/shared@^3.3.4":
  version "3.3.4"
  resolved "https://registry.npmjs.org/@vue/shared/-/shared-3.3.4.tgz"

"@vuepress/bundler-vite@2.0.0-beta.63":
  version "2.0.0-beta.63"
  resolved "https://registry.npmjs.org/@vuepress/bundler-vite/-/bundler-vite-2.0.0-beta.63.tgz"
  dependencies:
    "@vitejs/plugin-vue" "^4.2.3"
    "@vuepress/client" "2.0.0-beta.63"
    "@vuepress/core" "2.0.0-beta.63"
    "@vuepress/shared" "2.0.0-beta.63"
    "@vuepress/utils" "2.0.0-beta.63"
    autoprefixer "^10.4.14"
    connect-history-api-fallback "^2.0.0"
    postcss "^8.4.24"
    postcss-load-config "^4.0.1"
    rollup "^3.24.0"
    vite "~4.3.9"
    vue "^3.3.4"
    vue-router "^4.2.2"

"@vuepress/cli@2.0.0-beta.63":
  version "2.0.0-beta.63"
  resolved "https://registry.npmjs.org/@vuepress/cli/-/cli-2.0.0-beta.63.tgz"
  dependencies:
    "@vuepress/core" "2.0.0-beta.63"
    "@vuepress/shared" "2.0.0-beta.63"
    "@vuepress/utils" "2.0.0-beta.63"
    cac "^6.7.14"
    chokidar "^3.5.3"
    envinfo "^7.8.1"
    esbuild "~0.17.19"

"@vuepress/client@2.0.0-beta.63", "@vuepress/client@^2.0.0-beta.63":
  version "2.0.0-beta.63"
  resolved "https://registry.npmjs.org/@vuepress/client/-/client-2.0.0-beta.63.tgz"
  dependencies:
    "@vue/devtools-api" "^6.5.0"
    "@vuepress/shared" "2.0.0-beta.63"
    vue "^3.3.4"
    vue-router "^4.2.2"

"@vuepress/core@2.0.0-beta.63":
  version "2.0.0-beta.63"
  resolved "https://registry.npmjs.org/@vuepress/core/-/core-2.0.0-beta.63.tgz"
  dependencies:
    "@vuepress/client" "2.0.0-beta.63"
    "@vuepress/markdown" "2.0.0-beta.63"
    "@vuepress/shared" "2.0.0-beta.63"
    "@vuepress/utils" "2.0.0-beta.63"
    vue "^3.3.4"

"@vuepress/markdown@2.0.0-beta.63":
  version "2.0.0-beta.63"
  resolved "https://registry.npmjs.org/@vuepress/markdown/-/markdown-2.0.0-beta.63.tgz"
  dependencies:
    "@mdit-vue/plugin-component" "^0.12.0"
    "@mdit-vue/plugin-frontmatter" "^0.12.0"
    "@mdit-vue/plugin-headers" "^0.12.0"
    "@mdit-vue/plugin-sfc" "^0.12.0"
    "@mdit-vue/plugin-title" "^0.12.0"
    "@mdit-vue/plugin-toc" "^0.12.0"
    "@mdit-vue/shared" "^0.12.0"
    "@mdit-vue/types" "^0.12.0"
    "@types/markdown-it" "^12.2.3"
    "@types/markdown-it-emoji" "^2.0.2"
    "@vuepress/shared" "2.0.0-beta.63"
    "@vuepress/utils" "2.0.0-beta.63"
    markdown-it "^13.0.1"
    markdown-it-anchor "^8.6.7"
    markdown-it-emoji "^2.0.2"
    mdurl "^1.0.1"

"@vuepress/plugin-active-header-links@2.0.0-beta.63":
  version "2.0.0-beta.63"
  resolved "https://registry.npmjs.org/@vuepress/plugin-active-header-links/-/plugin-active-header-links-2.0.0-beta.63.tgz"
  dependencies:
    "@vuepress/client" "2.0.0-beta.63"
    "@vuepress/core" "2.0.0-beta.63"
    "@vuepress/utils" "2.0.0-beta.63"
    ts-debounce "^4.0.0"
    vue "^3.3.4"
    vue-router "^4.2.2"

"@vuepress/plugin-back-to-top@2.0.0-beta.63", "@vuepress/plugin-back-to-top@^2.0.0-beta.63":
  version "2.0.0-beta.63"
  resolved "https://registry.npmjs.org/@vuepress/plugin-back-to-top/-/plugin-back-to-top-2.0.0-beta.63.tgz"
  dependencies:
    "@vuepress/client" "2.0.0-beta.63"
    "@vuepress/core" "2.0.0-beta.63"
    "@vuepress/utils" "2.0.0-beta.63"
    ts-debounce "^4.0.0"
    vue "^3.3.4"

"@vuepress/plugin-container@2.0.0-beta.63":
  version "2.0.0-beta.63"
  resolved "https://registry.npmjs.org/@vuepress/plugin-container/-/plugin-container-2.0.0-beta.63.tgz"
  dependencies:
    "@types/markdown-it" "^12.2.3"
    "@vuepress/core" "2.0.0-beta.63"
    "@vuepress/markdown" "2.0.0-beta.63"
    "@vuepress/shared" "2.0.0-beta.63"
    "@vuepress/utils" "2.0.0-beta.63"
    markdown-it "^13.0.1"
    markdown-it-container "^3.0.0"

"@vuepress/plugin-external-link-icon@2.0.0-beta.63":
  version "2.0.0-beta.63"
  resolved "https://registry.npmjs.org/@vuepress/plugin-external-link-icon/-/plugin-external-link-icon-2.0.0-beta.63.tgz"
  dependencies:
    "@vuepress/client" "2.0.0-beta.63"
    "@vuepress/core" "2.0.0-beta.63"
    "@vuepress/markdown" "2.0.0-beta.63"
    "@vuepress/shared" "2.0.0-beta.63"
    "@vuepress/utils" "2.0.0-beta.63"
    vue "^3.3.4"

"@vuepress/plugin-git@2.0.0-beta.63":
  version "2.0.0-beta.63"
  resolved "https://registry.npmjs.org/@vuepress/plugin-git/-/plugin-git-2.0.0-beta.63.tgz"
  dependencies:
    "@vuepress/core" "2.0.0-beta.63"
    "@vuepress/utils" "2.0.0-beta.63"
    execa "^7.1.1"

"@vuepress/plugin-medium-zoom@2.0.0-beta.63":
  version "2.0.0-beta.63"
  resolved "https://registry.npmjs.org/@vuepress/plugin-medium-zoom/-/plugin-medium-zoom-2.0.0-beta.63.tgz"
  dependencies:
    "@vuepress/client" "2.0.0-beta.63"
    "@vuepress/core" "2.0.0-beta.63"
    "@vuepress/utils" "2.0.0-beta.63"
    medium-zoom "^1.0.8"
    vue "^3.3.4"

"@vuepress/plugin-nprogress@2.0.0-beta.63":
  version "2.0.0-beta.63"
  resolved "https://registry.npmjs.org/@vuepress/plugin-nprogress/-/plugin-nprogress-2.0.0-beta.63.tgz"
  dependencies:
    "@vuepress/client" "2.0.0-beta.63"
    "@vuepress/core" "2.0.0-beta.63"
    "@vuepress/utils" "2.0.0-beta.63"
    vue "^3.3.4"
    vue-router "^4.2.2"

"@vuepress/plugin-palette@2.0.0-beta.63":
  version "2.0.0-beta.63"
  resolved "https://registry.npmjs.org/@vuepress/plugin-palette/-/plugin-palette-2.0.0-beta.63.tgz"
  dependencies:
    "@vuepress/core" "2.0.0-beta.63"
    "@vuepress/utils" "2.0.0-beta.63"
    chokidar "^3.5.3"

"@vuepress/plugin-prismjs@2.0.0-beta.63":
  version "2.0.0-beta.63"
  resolved "https://registry.npmjs.org/@vuepress/plugin-prismjs/-/plugin-prismjs-2.0.0-beta.63.tgz"
  dependencies:
    "@vuepress/core" "2.0.0-beta.63"
    prismjs "^1.29.0"

"@vuepress/plugin-search@^2.0.0-beta.63":
  version "2.0.0-beta.63"
  resolved "https://registry.npmjs.org/@vuepress/plugin-search/-/plugin-search-2.0.0-beta.63.tgz"
  dependencies:
    "@vuepress/client" "2.0.0-beta.63"
    "@vuepress/core" "2.0.0-beta.63"
    "@vuepress/shared" "2.0.0-beta.63"
    "@vuepress/utils" "2.0.0-beta.63"
    chokidar "^3.5.3"
    vue "^3.3.4"
    vue-router "^4.2.2"

"@vuepress/plugin-theme-data@2.0.0-beta.63":
  version "2.0.0-beta.63"
  resolved "https://registry.npmjs.org/@vuepress/plugin-theme-data/-/plugin-theme-data-2.0.0-beta.63.tgz"
  dependencies:
    "@vue/devtools-api" "^6.5.0"
    "@vuepress/client" "2.0.0-beta.63"
    "@vuepress/core" "2.0.0-beta.63"
    "@vuepress/shared" "2.0.0-beta.63"
    "@vuepress/utils" "2.0.0-beta.63"
    vue "^3.3.4"

"@vuepress/shared@2.0.0-beta.63":
  version "2.0.0-beta.63"
  resolved "https://registry.npmjs.org/@vuepress/shared/-/shared-2.0.0-beta.63.tgz"
  dependencies:
    "@mdit-vue/types" "^0.12.0"
    "@vue/shared" "^3.3.4"

"@vuepress/theme-default@2.0.0-beta.63":
  version "2.0.0-beta.63"
  resolved "https://registry.npmjs.org/@vuepress/theme-default/-/theme-default-2.0.0-beta.63.tgz"
  dependencies:
    "@vuepress/client" "2.0.0-beta.63"
    "@vuepress/core" "2.0.0-beta.63"
    "@vuepress/plugin-active-header-links" "2.0.0-beta.63"
    "@vuepress/plugin-back-to-top" "2.0.0-beta.63"
    "@vuepress/plugin-container" "2.0.0-beta.63"
    "@vuepress/plugin-external-link-icon" "2.0.0-beta.63"
    "@vuepress/plugin-git" "2.0.0-beta.63"
    "@vuepress/plugin-medium-zoom" "2.0.0-beta.63"
    "@vuepress/plugin-nprogress" "2.0.0-beta.63"
    "@vuepress/plugin-palette" "2.0.0-beta.63"
    "@vuepress/plugin-prismjs" "2.0.0-beta.63"
    "@vuepress/plugin-theme-data" "2.0.0-beta.63"
    "@vuepress/shared" "2.0.0-beta.63"
    "@vuepress/utils" "2.0.0-beta.63"
    "@vueuse/core" "^10.1.2"
    sass "^1.63.2"
    sass-loader "^13.3.1"
    vue "^3.3.4"
    vue-router "^4.2.2"

"@vuepress/utils@2.0.0-beta.63":
  version "2.0.0-beta.63"
  resolved "https://registry.npmjs.org/@vuepress/utils/-/utils-2.0.0-beta.63.tgz"
  dependencies:
    "@types/debug" "^4.1.8"
    "@types/fs-extra" "^11.0.1"
    "@types/hash-sum" "^1.0.0"
    "@vuepress/shared" "2.0.0-beta.63"
    debug "^4.3.4"
    fs-extra "^11.1.1"
    globby "^13.1.4"
    hash-sum "^2.0.0"
    ora "^6.3.1"
    picocolors "^1.0.0"
    upath "^2.0.1"

"@vueuse/core@^10.1.2":
  version "10.2.0"
  resolved "https://registry.npmjs.org/@vueuse/core/-/core-10.2.0.tgz"
  dependencies:
    "@types/web-bluetooth" "^0.0.17"
    "@vueuse/metadata" "10.2.0"
    "@vueuse/shared" "10.2.0"
    vue-demi ">=0.14.5"

"@vueuse/metadata@10.2.0":
  version "10.2.0"
  resolved "https://registry.npmjs.org/@vueuse/metadata/-/metadata-10.2.0.tgz"

"@vueuse/shared@10.2.0":
  version "10.2.0"
  resolved "https://registry.npmjs.org/@vueuse/shared/-/shared-10.2.0.tgz"
  dependencies:
    vue-demi ">=0.14.5"

ansi-regex@^6.0.1:
  version "6.0.1"
  resolved "https://registry.npmjs.org/ansi-regex/-/ansi-regex-6.0.1.tgz"

anymatch@~3.1.2:
  version "3.1.2"
  resolved "https://registry.npmjs.org/anymatch/-/anymatch-3.1.2.tgz"
  dependencies:
    normalize-path "^3.0.0"
    picomatch "^2.0.4"

argparse@^1.0.7:
  version "1.0.10"
  resolved "https://registry.npmjs.org/argparse/-/argparse-1.0.10.tgz"
  dependencies:
    sprintf-js "~1.0.2"

argparse@^2.0.1:
  version "2.0.1"
  resolved "https://registry.npmjs.org/argparse/-/argparse-2.0.1.tgz"

autoprefixer@^10.4.14:
  version "10.4.14"
  resolved "https://registry.npmjs.org/autoprefixer/-/autoprefixer-10.4.14.tgz"
  dependencies:
    browserslist "^4.21.5"
    caniuse-lite "^1.0.30001464"
    fraction.js "^4.2.0"
    normalize-range "^0.1.2"
    picocolors "^1.0.0"
    postcss-value-parser "^4.2.0"

base64-js@^1.3.1:
  version "1.5.1"
  resolved "https://registry.npmjs.org/base64-js/-/base64-js-1.5.1.tgz"

binary-extensions@^2.0.0:
  version "2.2.0"
  resolved "https://registry.npmjs.org/binary-extensions/-/binary-extensions-2.2.0.tgz"

bl@^5.0.0:
  version "5.1.0"
  resolved "https://registry.npmjs.org/bl/-/bl-5.1.0.tgz"
  dependencies:
    buffer "^6.0.3"
    inherits "^2.0.4"
    readable-stream "^3.4.0"

braces@^3.0.2, braces@~3.0.2:
  version "3.0.2"
  resolved "https://registry.npmjs.org/braces/-/braces-3.0.2.tgz"
  dependencies:
    fill-range "^7.0.1"

browserslist@^4.21.5:
  version "4.21.9"
  resolved "https://registry.npmjs.org/browserslist/-/browserslist-4.21.9.tgz"
  dependencies:
    caniuse-lite "^1.0.30001503"
    electron-to-chromium "^1.4.431"
    node-releases "^2.0.12"
    update-browserslist-db "^1.0.11"

buffer@^6.0.3:
  version "6.0.3"
  resolved "https://registry.npmjs.org/buffer/-/buffer-6.0.3.tgz"
  dependencies:
    base64-js "^1.3.1"
    ieee754 "^1.2.1"

cac@^6.7.14:
  version "6.7.14"
  resolved "https://registry.npmjs.org/cac/-/cac-6.7.14.tgz"

caniuse-lite@^1.0.30001464, caniuse-lite@^1.0.30001503:
  version "1.0.30001504"
  resolved "https://registry.npmjs.org/caniuse-lite/-/caniuse-lite-1.0.30001504.tgz"

chalk@^5.0.0:
  version "5.2.0"
  resolved "https://registry.npmjs.org/chalk/-/chalk-5.2.0.tgz"

"chokidar@>=3.0.0 <4.0.0", chokidar@^3.5.3:
  version "3.5.3"
  resolved "https://registry.npmjs.org/chokidar/-/chokidar-3.5.3.tgz"
  dependencies:
    anymatch "~3.1.2"
    braces "~3.0.2"
    glob-parent "~5.1.2"
    is-binary-path "~2.1.0"
    is-glob "~4.0.1"
    normalize-path "~3.0.0"
    readdirp "~3.6.0"
  optionalDependencies:
    fsevents "~2.3.2"

cli-cursor@^4.0.0:
  version "4.0.0"
  resolved "https://registry.npmjs.org/cli-cursor/-/cli-cursor-4.0.0.tgz"
  dependencies:
    restore-cursor "^4.0.0"

cli-spinners@^2.6.1:
  version "2.6.1"
  resolved "https://registry.npmjs.org/cli-spinners/-/cli-spinners-2.6.1.tgz"

clone@^1.0.2:
  version "1.0.4"
  resolved "https://registry.npmjs.org/clone/-/clone-1.0.4.tgz"

connect-history-api-fallback@^2.0.0:
  version "2.0.0"
  resolved "https://registry.npmjs.org/connect-history-api-fallback/-/connect-history-api-fallback-2.0.0.tgz"

cross-spawn@^7.0.3:
  version "7.0.3"
  resolved "https://registry.npmjs.org/cross-spawn/-/cross-spawn-7.0.3.tgz"
  dependencies:
    path-key "^3.1.0"
    shebang-command "^2.0.0"
    which "^2.0.1"

csstype@^3.1.1:
  version "3.1.2"
  resolved "https://registry.npmjs.org/csstype/-/csstype-3.1.2.tgz"

debug@^4.3.4:
  version "4.3.4"
  resolved "https://registry.npmjs.org/debug/-/debug-4.3.4.tgz"
  dependencies:
    ms "2.1.2"

defaults@^1.0.3:
  version "1.0.3"
  resolved "https://registry.npmjs.org/defaults/-/defaults-1.0.3.tgz"
  dependencies:
    clone "^1.0.2"

dir-glob@^3.0.1:
  version "3.0.1"
  resolved "https://registry.npmjs.org/dir-glob/-/dir-glob-3.0.1.tgz"
  dependencies:
    path-type "^4.0.0"

electron-to-chromium@^1.4.431:
  version "1.4.433"
  resolved "https://registry.npmjs.org/electron-to-chromium/-/electron-to-chromium-1.4.433.tgz"

entities@~3.0.1:
  version "3.0.1"
  resolved "https://registry.npmjs.org/entities/-/entities-3.0.1.tgz"

envinfo@^7.8.1:
  version "7.8.1"
  resolved "https://registry.npmjs.org/envinfo/-/envinfo-7.8.1.tgz"

esbuild@^0.17.5, esbuild@~0.17.19:
  version "0.17.19"
  resolved "https://registry.npmjs.org/esbuild/-/esbuild-0.17.19.tgz"
  optionalDependencies:
    "@esbuild/android-arm" "0.17.19"
    "@esbuild/android-arm64" "0.17.19"
    "@esbuild/android-x64" "0.17.19"
    "@esbuild/darwin-arm64" "0.17.19"
    "@esbuild/darwin-x64" "0.17.19"
    "@esbuild/freebsd-arm64" "0.17.19"
    "@esbuild/freebsd-x64" "0.17.19"
    "@esbuild/linux-arm" "0.17.19"
    "@esbuild/linux-arm64" "0.17.19"
    "@esbuild/linux-ia32" "0.17.19"
    "@esbuild/linux-loong64" "0.17.19"
    "@esbuild/linux-mips64el" "0.17.19"
    "@esbuild/linux-ppc64" "0.17.19"
    "@esbuild/linux-riscv64" "0.17.19"
    "@esbuild/linux-s390x" "0.17.19"
    "@esbuild/linux-x64" "0.17.19"
    "@esbuild/netbsd-x64" "0.17.19"
    "@esbuild/openbsd-x64" "0.17.19"
    "@esbuild/sunos-x64" "0.17.19"
    "@esbuild/win32-arm64" "0.17.19"
    "@esbuild/win32-ia32" "0.17.19"
    "@esbuild/win32-x64" "0.17.19"

escalade@^3.1.1:
  version "3.1.1"
  resolved "https://registry.npmjs.org/escalade/-/escalade-3.1.1.tgz"

esprima@^4.0.0:
  version "4.0.1"
  resolved "https://registry.npmjs.org/esprima/-/esprima-4.0.1.tgz"

estree-walker@^2.0.2:
  version "2.0.2"
  resolved "https://registry.npmjs.org/estree-walker/-/estree-walker-2.0.2.tgz"

execa@^7.1.1:
  version "7.1.1"
  resolved "https://registry.npmjs.org/execa/-/execa-7.1.1.tgz"
  dependencies:
    cross-spawn "^7.0.3"
    get-stream "^6.0.1"
    human-signals "^4.3.0"
    is-stream "^3.0.0"
    merge-stream "^2.0.0"
    npm-run-path "^5.1.0"
    onetime "^6.0.0"
    signal-exit "^3.0.7"
    strip-final-newline "^3.0.0"

extend-shallow@^2.0.1:
  version "2.0.1"
  resolved "https://registry.npmjs.org/extend-shallow/-/extend-shallow-2.0.1.tgz"
  dependencies:
    is-extendable "^0.1.0"

fast-glob@^3.2.11:
  version "3.2.11"
  resolved "https://registry.npmjs.org/fast-glob/-/fast-glob-3.2.11.tgz"
  dependencies:
    "@nodelib/fs.stat" "^2.0.2"
    "@nodelib/fs.walk" "^1.2.3"
    glob-parent "^5.1.2"
    merge2 "^1.3.0"
    micromatch "^4.0.4"

fastq@^1.6.0:
  version "1.13.0"
  resolved "https://registry.npmjs.org/fastq/-/fastq-1.13.0.tgz"
  dependencies:
    reusify "^1.0.4"

fill-range@^7.0.1:
  version "7.0.1"
  resolved "https://registry.npmjs.org/fill-range/-/fill-range-7.0.1.tgz"
  dependencies:
    to-regex-range "^5.0.1"

fraction.js@^4.2.0:
  version "4.2.0"
  resolved "https://registry.npmjs.org/fraction.js/-/fraction.js-4.2.0.tgz"

fs-extra@^11.1.1:
  version "11.1.1"
  resolved "https://registry.npmjs.org/fs-extra/-/fs-extra-11.1.1.tgz"
  dependencies:
    graceful-fs "^4.2.0"
    jsonfile "^6.0.1"
    universalify "^2.0.0"

fsevents@~2.3.2:
  version "2.3.3"
  resolved "https://registry.yarnpkg.com/fsevents/-/fsevents-2.3.3.tgz#cac6407785d03675a2a5e1a5305c697b347d90d6"

get-stream@^6.0.1:
  version "6.0.1"
  resolved "https://registry.npmjs.org/get-stream/-/get-stream-6.0.1.tgz"

glob-parent@^5.1.2, glob-parent@~5.1.2:
  version "5.1.2"
  resolved "https://registry.npmjs.org/glob-parent/-/glob-parent-5.1.2.tgz"
  dependencies:
    is-glob "^4.0.1"

globby@^13.1.4:
  version "13.2.0"
  resolved "https://registry.npmjs.org/globby/-/globby-13.2.0.tgz"
  dependencies:
    dir-glob "^3.0.1"
    fast-glob "^3.2.11"
    ignore "^5.2.0"
    merge2 "^1.4.1"
    slash "^4.0.0"

graceful-fs@^4.1.6, graceful-fs@^4.2.0:
  version "4.2.10"
  resolved "https://registry.npmjs.org/graceful-fs/-/graceful-fs-4.2.10.tgz"

gray-matter@^4.0.3:
  version "4.0.3"
  resolved "https://registry.npmjs.org/gray-matter/-/gray-matter-4.0.3.tgz"
  dependencies:
    js-yaml "^3.13.1"
    kind-of "^6.0.2"
    section-matter "^1.0.0"
    strip-bom-string "^1.0.0"

hash-sum@^2.0.0:
  version "2.0.0"
  resolved "https://registry.npmjs.org/hash-sum/-/hash-sum-2.0.0.tgz"

human-signals@^4.3.0:
  version "4.3.1"
  resolved "https://registry.npmjs.org/human-signals/-/human-signals-4.3.1.tgz"

ieee754@^1.2.1:
  version "1.2.1"
  resolved "https://registry.npmjs.org/ieee754/-/ieee754-1.2.1.tgz"

ignore@^5.2.0:
  version "5.2.0"
  resolved "https://registry.npmjs.org/ignore/-/ignore-5.2.0.tgz"

immutable@^4.0.0:
  version "4.3.0"
  resolved "https://registry.npmjs.org/immutable/-/immutable-4.3.0.tgz"

inherits@^2.0.3, inherits@^2.0.4:
  version "2.0.4"
  resolved "https://registry.npmjs.org/inherits/-/inherits-2.0.4.tgz"

is-binary-path@~2.1.0:
  version "2.1.0"
  resolved "https://registry.npmjs.org/is-binary-path/-/is-binary-path-2.1.0.tgz"
  dependencies:
    binary-extensions "^2.0.0"

is-extendable@^0.1.0:
  version "0.1.1"
  resolved "https://registry.npmjs.org/is-extendable/-/is-extendable-0.1.1.tgz"

is-extglob@^2.1.1:
  version "2.1.1"
  resolved "https://registry.npmjs.org/is-extglob/-/is-extglob-2.1.1.tgz"

is-glob@^4.0.1, is-glob@~4.0.1:
  version "4.0.3"
  resolved "https://registry.npmjs.org/is-glob/-/is-glob-4.0.3.tgz"
  dependencies:
    is-extglob "^2.1.1"

is-interactive@^2.0.0:
  version "2.0.0"
  resolved "https://registry.npmjs.org/is-interactive/-/is-interactive-2.0.0.tgz"

is-number@^7.0.0:
  version "7.0.0"
  resolved "https://registry.npmjs.org/is-number/-/is-number-7.0.0.tgz"

is-stream@^3.0.0:
  version "3.0.0"
  resolved "https://registry.npmjs.org/is-stream/-/is-stream-3.0.0.tgz"

is-unicode-supported@^1.1.0:
  version "1.3.0"
  resolved "https://registry.npmjs.org/is-unicode-supported/-/is-unicode-supported-1.3.0.tgz"

isexe@^2.0.0:
  version "2.0.0"
  resolved "https://registry.npmjs.org/isexe/-/isexe-2.0.0.tgz"

js-yaml@^3.13.1:
  version "3.14.1"
  resolved "https://registry.npmjs.org/js-yaml/-/js-yaml-3.14.1.tgz"
  dependencies:
    argparse "^1.0.7"
    esprima "^4.0.0"

jsonfile@^6.0.1:
  version "6.1.0"
  resolved "https://registry.npmjs.org/jsonfile/-/jsonfile-6.1.0.tgz"
  dependencies:
    universalify "^2.0.0"
  optionalDependencies:
    graceful-fs "^4.1.6"

kind-of@^6.0.0, kind-of@^6.0.2:
  version "6.0.3"
  resolved "https://registry.npmjs.org/kind-of/-/kind-of-6.0.3.tgz"

lilconfig@^2.0.5:
  version "2.1.0"
  resolved "https://registry.npmjs.org/lilconfig/-/lilconfig-2.1.0.tgz"

linkify-it@^4.0.1:
  version "4.0.1"
  resolved "https://registry.npmjs.org/linkify-it/-/linkify-it-4.0.1.tgz"
  dependencies:
    uc.micro "^1.0.1"

log-symbols@^5.1.0:
  version "5.1.0"
  resolved "https://registry.npmjs.org/log-symbols/-/log-symbols-5.1.0.tgz"
  dependencies:
    chalk "^5.0.0"
    is-unicode-supported "^1.1.0"

magic-string@^0.30.0:
  version "0.30.0"
  resolved "https://registry.npmjs.org/magic-string/-/magic-string-0.30.0.tgz"
  dependencies:
    "@jridgewell/sourcemap-codec" "^1.4.13"

markdown-it-anchor@^8.6.7:
  version "8.6.7"
  resolved "https://registry.npmjs.org/markdown-it-anchor/-/markdown-it-anchor-8.6.7.tgz"

markdown-it-container@^3.0.0:
  version "3.0.0"
  resolved "https://registry.npmjs.org/markdown-it-container/-/markdown-it-container-3.0.0.tgz"

markdown-it-emoji@^2.0.2:
  version "2.0.2"
  resolved "https://registry.npmjs.org/markdown-it-emoji/-/markdown-it-emoji-2.0.2.tgz"

markdown-it@^13.0.1:
  version "13.0.1"
  resolved "https://registry.npmjs.org/markdown-it/-/markdown-it-13.0.1.tgz"
  dependencies:
    argparse "^2.0.1"
    entities "~3.0.1"
    linkify-it "^4.0.1"
    mdurl "^1.0.1"
    uc.micro "^1.0.5"

mdurl@^1.0.1:
  version "1.0.1"
  resolved "https://registry.npmjs.org/mdurl/-/mdurl-1.0.1.tgz"

medium-zoom@^1.0.8:
  version "1.0.8"
  resolved "https://registry.npmjs.org/medium-zoom/-/medium-zoom-1.0.8.tgz"

merge-stream@^2.0.0:
  version "2.0.0"
  resolved "https://registry.npmjs.org/merge-stream/-/merge-stream-2.0.0.tgz"

merge2@^1.3.0, merge2@^1.4.1:
  version "1.4.1"
  resolved "https://registry.npmjs.org/merge2/-/merge2-1.4.1.tgz"

micromatch@^4.0.4:
  version "4.0.5"
  resolved "https://registry.npmjs.org/micromatch/-/micromatch-4.0.5.tgz"
  dependencies:
    braces "^3.0.2"
    picomatch "^2.3.1"

mimic-fn@^2.1.0:
  version "2.1.0"
  resolved "https://registry.npmjs.org/mimic-fn/-/mimic-fn-2.1.0.tgz"

mimic-fn@^4.0.0:
  version "4.0.0"
  resolved "https://registry.npmjs.org/mimic-fn/-/mimic-fn-4.0.0.tgz"

ms@2.1.2:
  version "2.1.2"
  resolved "https://registry.npmjs.org/ms/-/ms-2.1.2.tgz"

nanoid@^3.3.6:
  version "3.3.6"
  resolved "https://registry.npmjs.org/nanoid/-/nanoid-3.3.6.tgz"

neo-async@^2.6.2:
  version "2.6.2"
  resolved "https://registry.npmjs.org/neo-async/-/neo-async-2.6.2.tgz"

node-releases@^2.0.12:
  version "2.0.12"
  resolved "https://registry.npmjs.org/node-releases/-/node-releases-2.0.12.tgz"

normalize-path@^3.0.0, normalize-path@~3.0.0:
  version "3.0.0"
  resolved "https://registry.npmjs.org/normalize-path/-/normalize-path-3.0.0.tgz"

normalize-range@^0.1.2:
  version "0.1.2"
  resolved "https://registry.npmjs.org/normalize-range/-/normalize-range-0.1.2.tgz"

npm-run-path@^5.1.0:
  version "5.1.0"
  resolved "https://registry.npmjs.org/npm-run-path/-/npm-run-path-5.1.0.tgz"
  dependencies:
    path-key "^4.0.0"

onetime@^5.1.0:
  version "5.1.2"
  resolved "https://registry.npmjs.org/onetime/-/onetime-5.1.2.tgz"
  dependencies:
    mimic-fn "^2.1.0"

onetime@^6.0.0:
  version "6.0.0"
  resolved "https://registry.npmjs.org/onetime/-/onetime-6.0.0.tgz"
  dependencies:
    mimic-fn "^4.0.0"

ora@^6.3.1:
  version "6.3.1"
  resolved "https://registry.npmjs.org/ora/-/ora-6.3.1.tgz"
  dependencies:
    chalk "^5.0.0"
    cli-cursor "^4.0.0"
    cli-spinners "^2.6.1"
    is-interactive "^2.0.0"
    is-unicode-supported "^1.1.0"
    log-symbols "^5.1.0"
    stdin-discarder "^0.1.0"
    strip-ansi "^7.0.1"
    wcwidth "^1.0.1"

path-key@^3.1.0:
  version "3.1.1"
  resolved "https://registry.npmjs.org/path-key/-/path-key-3.1.1.tgz"

path-key@^4.0.0:
  version "4.0.0"
  resolved "https://registry.npmjs.org/path-key/-/path-key-4.0.0.tgz"

path-type@^4.0.0:
  version "4.0.0"
  resolved "https://registry.npmjs.org/path-type/-/path-type-4.0.0.tgz"

picocolors@^1.0.0:
  version "1.0.0"
  resolved "https://registry.npmjs.org/picocolors/-/picocolors-1.0.0.tgz"

picomatch@^2.0.4, picomatch@^2.2.1, picomatch@^2.3.1:
  version "2.3.1"
  resolved "https://registry.npmjs.org/picomatch/-/picomatch-2.3.1.tgz"

postcss-load-config@^4.0.1:
  version "4.0.1"
  resolved "https://registry.npmjs.org/postcss-load-config/-/postcss-load-config-4.0.1.tgz"
  dependencies:
    lilconfig "^2.0.5"
    yaml "^2.1.1"

postcss-value-parser@^4.2.0:
  version "4.2.0"
  resolved "https://registry.npmjs.org/postcss-value-parser/-/postcss-value-parser-4.2.0.tgz"

postcss@^8.1.10, postcss@^8.4.23, postcss@^8.4.24:
  version "8.4.31"
  resolved "https://registry.yarnpkg.com/postcss/-/postcss-8.4.31.tgz#92b451050a9f914da6755af352bdc0192508656d"
  dependencies:
    nanoid "^3.3.6"
    picocolors "^1.0.0"
    source-map-js "^1.0.2"

prismjs@^1.29.0:
  version "1.29.0"
  resolved "https://registry.npmjs.org/prismjs/-/prismjs-1.29.0.tgz"

queue-microtask@^1.2.2:
  version "1.2.3"
  resolved "https://registry.npmjs.org/queue-microtask/-/queue-microtask-1.2.3.tgz"

readable-stream@^3.4.0:
  version "3.6.0"
  resolved "https://registry.npmjs.org/readable-stream/-/readable-stream-3.6.0.tgz"
  dependencies:
    inherits "^2.0.3"
    string_decoder "^1.1.1"
    util-deprecate "^1.0.1"

readdirp@~3.6.0:
  version "3.6.0"
  resolved "https://registry.npmjs.org/readdirp/-/readdirp-3.6.0.tgz"
  dependencies:
    picomatch "^2.2.1"

restore-cursor@^4.0.0:
  version "4.0.0"
  resolved "https://registry.npmjs.org/restore-cursor/-/restore-cursor-4.0.0.tgz"
  dependencies:
    onetime "^5.1.0"
    signal-exit "^3.0.2"

reusify@^1.0.4:
  version "1.0.4"
  resolved "https://registry.npmjs.org/reusify/-/reusify-1.0.4.tgz"

rollup@^3.21.0, rollup@^3.24.0:
  version "3.25.1"
  resolved "https://registry.npmjs.org/rollup/-/rollup-3.25.1.tgz"
  optionalDependencies:
    fsevents "~2.3.2"

run-parallel@^1.1.9:
  version "1.2.0"
  resolved "https://registry.npmjs.org/run-parallel/-/run-parallel-1.2.0.tgz"
  dependencies:
    queue-microtask "^1.2.2"

safe-buffer@~5.2.0:
  version "5.2.1"
  resolved "https://registry.npmjs.org/safe-buffer/-/safe-buffer-5.2.1.tgz"

sass-loader@^13.3.1:
  version "13.3.2"
  resolved "https://registry.npmjs.org/sass-loader/-/sass-loader-13.3.2.tgz"
  dependencies:
    neo-async "^2.6.2"

sass@^1.63.2:
  version "1.63.4"
  resolved "https://registry.npmjs.org/sass/-/sass-1.63.4.tgz"
  dependencies:
    chokidar ">=3.0.0 <4.0.0"
    immutable "^4.0.0"
    source-map-js ">=0.6.2 <2.0.0"

section-matter@^1.0.0:
  version "1.0.0"
  resolved "https://registry.npmjs.org/section-matter/-/section-matter-1.0.0.tgz"
  dependencies:
    extend-shallow "^2.0.1"
    kind-of "^6.0.0"

shebang-command@^2.0.0:
  version "2.0.0"
  resolved "https://registry.npmjs.org/shebang-command/-/shebang-command-2.0.0.tgz"
  dependencies:
    shebang-regex "^3.0.0"

shebang-regex@^3.0.0:
  version "3.0.0"
  resolved "https://registry.npmjs.org/shebang-regex/-/shebang-regex-3.0.0.tgz"

signal-exit@^3.0.2, signal-exit@^3.0.7:
  version "3.0.7"
  resolved "https://registry.npmjs.org/signal-exit/-/signal-exit-3.0.7.tgz"

slash@^4.0.0:
  version "4.0.0"
  resolved "https://registry.npmjs.org/slash/-/slash-4.0.0.tgz"

"source-map-js@>=0.6.2 <2.0.0", source-map-js@^1.0.2:
  version "1.0.2"
  resolved "https://registry.npmjs.org/source-map-js/-/source-map-js-1.0.2.tgz"

sprintf-js@~1.0.2:
  version "1.0.3"
  resolved "https://registry.npmjs.org/sprintf-js/-/sprintf-js-1.0.3.tgz"

stdin-discarder@^0.1.0:
  version "0.1.0"
  resolved "https://registry.npmjs.org/stdin-discarder/-/stdin-discarder-0.1.0.tgz"
  dependencies:
    bl "^5.0.0"

string_decoder@^1.1.1:
  version "1.3.0"
  resolved "https://registry.npmjs.org/string_decoder/-/string_decoder-1.3.0.tgz"
  dependencies:
    safe-buffer "~5.2.0"

strip-ansi@^7.0.1:
  version "7.1.0"
  resolved "https://registry.npmjs.org/strip-ansi/-/strip-ansi-7.1.0.tgz"
  dependencies:
    ansi-regex "^6.0.1"

strip-bom-string@^1.0.0:
  version "1.0.0"
  resolved "https://registry.npmjs.org/strip-bom-string/-/strip-bom-string-1.0.0.tgz"

strip-final-newline@^3.0.0:
  version "3.0.0"
  resolved "https://registry.npmjs.org/strip-final-newline/-/strip-final-newline-3.0.0.tgz"

to-regex-range@^5.0.1:
  version "5.0.1"
  resolved "https://registry.npmjs.org/to-regex-range/-/to-regex-range-5.0.1.tgz"
  dependencies:
    is-number "^7.0.0"

ts-debounce@^4.0.0:
  version "4.0.0"
  resolved "https://registry.npmjs.org/ts-debounce/-/ts-debounce-4.0.0.tgz"

uc.micro@^1.0.1, uc.micro@^1.0.5:
  version "1.0.6"
  resolved "https://registry.npmjs.org/uc.micro/-/uc.micro-1.0.6.tgz"

universalify@^2.0.0:
  version "2.0.0"
  resolved "https://registry.npmjs.org/universalify/-/universalify-2.0.0.tgz"

upath@^2.0.1:
  version "2.0.1"
  resolved "https://registry.npmjs.org/upath/-/upath-2.0.1.tgz"

update-browserslist-db@^1.0.11:
  version "1.0.11"
  resolved "https://registry.npmjs.org/update-browserslist-db/-/update-browserslist-db-1.0.11.tgz"
  dependencies:
    escalade "^3.1.1"
    picocolors "^1.0.0"

util-deprecate@^1.0.1:
  version "1.0.2"
  resolved "https://registry.npmjs.org/util-deprecate/-/util-deprecate-1.0.2.tgz"

vite@~4.3.9:
  version "4.3.9"
  resolved "https://registry.npmjs.org/vite/-/vite-4.3.9.tgz"
  dependencies:
    esbuild "^0.17.5"
    postcss "^8.4.23"
    rollup "^3.21.0"
  optionalDependencies:
    fsevents "~2.3.2"

vue-demi@>=0.14.5:
  version "0.14.5"
  resolved "https://registry.npmjs.org/vue-demi/-/vue-demi-0.14.5.tgz"

vue-router@^4.2.2:
  version "4.2.2"
  resolved "https://registry.npmjs.org/vue-router/-/vue-router-4.2.2.tgz"
  dependencies:
    "@vue/devtools-api" "^6.5.0"

vue@^3.3.4:
  version "3.3.4"
  resolved "https://registry.npmjs.org/vue/-/vue-3.3.4.tgz"
  dependencies:
    "@vue/compiler-dom" "3.3.4"
    "@vue/compiler-sfc" "3.3.4"
    "@vue/runtime-dom" "3.3.4"
    "@vue/server-renderer" "3.3.4"
    "@vue/shared" "3.3.4"

vuepress-vite@2.0.0-beta.63, vuepress-vite@^2.0.0-beta.45:
  version "2.0.0-beta.63"
  resolved "https://registry.npmjs.org/vuepress-vite/-/vuepress-vite-2.0.0-beta.63.tgz"
  dependencies:
    "@vuepress/bundler-vite" "2.0.0-beta.63"
    "@vuepress/cli" "2.0.0-beta.63"
    "@vuepress/core" "2.0.0-beta.63"
    "@vuepress/theme-default" "2.0.0-beta.63"
    vue "^3.3.4"

vuepress@^2.0.0-beta.63:
  version "2.0.0-beta.63"
  resolved "https://registry.npmjs.org/vuepress/-/vuepress-2.0.0-beta.63.tgz"
  dependencies:
    vuepress-vite "2.0.0-beta.63"

wcwidth@^1.0.1:
  version "1.0.1"
  resolved "https://registry.npmjs.org/wcwidth/-/wcwidth-1.0.1.tgz"
  dependencies:
    defaults "^1.0.3"

which@^2.0.1:
  version "2.0.2"
  resolved "https://registry.npmjs.org/which/-/which-2.0.2.tgz"
  dependencies:
    isexe "^2.0.0"

yaml@^2.1.1:
  version "2.3.1"
  resolved "https://registry.npmjs.org/yaml/-/yaml-2.3.1.tgz"
